
Microsoft Visual Studio Solution File, Format Version 12.00
# Visual Studio Version 16
VisualStudioVersion = 16.0.29424.173
MinimumVisualStudioVersion = 10.0.40219.1
Project("{FAE04EC0-301F-11D3-BF4B-00C04F79EFBC}") = "WindowsFormsApp1", "WindowsFormsApp1.csproj", "{86E3DF3F-01C8-4520-A460-77DCDBE3A55A}"
EndProject
Global
	GlobalSection(SolutionConfigurationPlatforms) = preSolution
		Debug|Any CPU = Debug|Any CPU
		Release|Any CPU = Release|Any CPU
	EndGlobalSection
	GlobalSection(ProjectConfigurationPlatforms) = postSolution
		{86E3DF3F-01C8-4520-A460-77DCDBE3A55A}.Debug|Any CPU.ActiveCfg = Debug|Any CPU
		{86E3DF3F-01C8-4520-A460-77DCDBE3A55A}.Debug|Any CPU.Build.0 = Debug|Any CPU
		{86E3DF3F-01C8-4520-A460-77DCDBE3A55A}.Release|Any CPU.ActiveCfg = Release|Any CPU
		{86E3DF3F-01C8-4520-A460-77DCDBE3A55A}.Release|Any CPU.Build.0 = Release|Any CPU
	EndGlobalSection
	GlobalSection(SolutionProperties) = preSolution
		HideSolutionNode = FALSE
	EndGlobalSection
	GlobalSection(ExtensibilityGlobals) = postSolution
		SolutionGuid = {0F6492F1-9691-497F-8A61-8E7D4ACDF61C}
	EndGlobalSection
EndGlobal
